
Microsoft Visual Studio Solution File, Format Version 12.00
# Visual Studio Version 16
VisualStudioVersion = 16.0.31402.337
MinimumVisualStudioVersion = 10.0.40219.1
Project("{FAE04EC0-301F-11D3-BF4B-00C04F79EFBC}") = "ITC366-899 Matthew Taylor HW 6", "ITC366-899 Matthew Taylor HW 6.csproj", "{42104ABA-93A8-400E-8769-14B5E911107B}"
EndProject
Global
	GlobalSection(SolutionConfigurationPlatforms) = preSolution
		Debug|Any CPU = Debug|Any CPU
		Release|Any CPU = Release|Any CPU
	EndGlobalSection
	GlobalSection(ProjectConfigurationPlatforms) = postSolution
		{42104ABA-93A8-400E-8769-14B5E911107B}.Debug|Any CPU.ActiveCfg = Debug|Any CPU
		{42104ABA-93A8-400E-8769-14B5E911107B}.Debug|Any CPU.Build.0 = Debug|Any CPU
		{42104ABA-93A8-400E-8769-14B5E911107B}.Release|Any CPU.ActiveCfg = Release|Any CPU
		{42104ABA-93A8-400E-8769-14B5E911107B}.Release|Any CPU.Build.0 = Release|Any CPU
	EndGlobalSection
	GlobalSection(SolutionProperties) = preSolution
		HideSolutionNode = FALSE
	EndGlobalSection
	GlobalSection(ExtensibilityGlobals) = postSolution
		SolutionGuid = {A51233AF-9D02-4F90-BFFE-1525B57B17F7}
	EndGlobalSection
EndGlobal
